
Microsoft Visual Studio Solution File, Format Version 12.00
# Visual Studio Version 17
VisualStudioVersion = 17.4.33205.214
MinimumVisualStudioVersion = 10.0.40219.1
Project("{FAE04EC0-301F-11D3-BF4B-00C04F79EFBC}") = "CSharpProgram", "CSharpProgram\CSharpProgram.csproj", "{5B310C20-DDA7-4E52-9F2B-237B8BCBFBA4}"
EndProject
Global
	GlobalSection(SolutionConfigurationPlatforms) = preSolution
		Debug|Any CPU = Debug|Any CPU
		Release|Any CPU = Release|Any CPU
	EndGlobalSection
	GlobalSection(ProjectConfigurationPlatforms) = postSolution
		{5B310C20-DDA7-4E52-9F2B-237B8BCBFBA4}.Debug|Any CPU.ActiveCfg = Debug|Any CPU
		{5B310C20-DDA7-4E52-9F2B-237B8BCBFBA4}.Debug|Any CPU.Build.0 = Debug|Any CPU
		{5B310C20-DDA7-4E52-9F2B-237B8BCBFBA4}.Release|Any CPU.ActiveCfg = Release|Any CPU
		{5B310C20-DDA7-4E52-9F2B-237B8BCBFBA4}.Release|Any CPU.Build.0 = Release|Any CPU
	EndGlobalSection
	GlobalSection(SolutionProperties) = preSolution
		HideSolutionNode = FALSE
	EndGlobalSection
	GlobalSection(ExtensibilityGlobals) = postSolution
		SolutionGuid = {205009DC-41DA-4CD8-9A43-48C47EC8EAEA}
	EndGlobalSection
EndGlobal
